# This file is generated by actionspack. Do not edit it manually.

lockfileVersion: 1
entries:
  .github/workflows/src/ci.yml:
    output: .github/workflows/ci.yml
    dependencies:
      - package: github:actions/checkout
        requested: v6
        foundAt: .github/workflows/src/ci.yml#jobs.code-check.steps[0].uses
      - package: github:pnpm/action-setup
        requested: v6
        foundAt: .github/workflows/src/ci.yml#jobs.code-check.steps[1].uses
      - package: github:actions/setup-node
        requested: v6
        foundAt: .github/workflows/src/ci.yml#jobs.code-check.steps[2].uses
  .github/workflows/src/release.yml:
    output: .github/workflows/release.yml
    dependencies:
      - package: github:actions/checkout
        requested: v6
        foundAt: .github/workflows/src/release.yml#jobs.release.steps[0].uses
      - package: github:pnpm/action-setup
        requested: v6
        foundAt: .github/workflows/src/release.yml#jobs.release.steps[1].uses
      - package: github:actions/setup-node
        requested: v6
        foundAt: .github/workflows/src/release.yml#jobs.release.steps[2].uses
packages:
  github:actions/checkout:
    source: github
    owner: actions
    repo: checkout
    path: .
    type: external-action
    external: true
    contentDigest: sha256:11b63452f6e43ffb5ab8bfdaaafb8a915b354318e3ad9bce4eb0686b9e380f90
    dependencies: []
    requested: v6
    resolved: df4cb1c069e1874edd31b4311f1884172cec0e10
  github:actions/setup-node:
    source: github
    owner: actions
    repo: setup-node
    path: .
    type: external-action
    external: true
    contentDigest: sha256:ad45f1922115116fb4706651d0a9262332bc4e4f11eb2021e09789dd1af18085
    dependencies: []
    requested: v6
    resolved: 48b55a011bda9f5d6aeb4c2d9c7362e8dae4041e
  github:pnpm/action-setup:
    source: github
    owner: pnpm
    repo: action-setup
    path: .
    type: external-action
    external: true
    contentDigest: sha256:7903b0a83562cd93df4d70181e610d9a4d6aedf76c83197208a6fdc13614d6f1
    dependencies: []
    requested: v6
    resolved: b0f76dfb45f55f8421693e4803ac7bb65143bd34
